
Microsoft Visual Studio Solution File, Format Version 12.00
# Visual Studio Version 17
VisualStudioVersion = 17.0.31903.59
MinimumVisualStudioVersion = 10.0.40219.1
Project("{FAE04EC0-301F-11D3-BF4B-00C04F79EFBC}") = "TraceSharp", "TraceSharp.csproj", "{ECDCC96D-5166-42FF-A078-C66493B8D168}"
EndProject
Global
	GlobalSection(SolutionConfigurationPlatforms) = preSolution
		Debug|Any CPU = Debug|Any CPU
		Release|Any CPU = Release|Any CPU
	EndGlobalSection
	GlobalSection(ProjectConfigurationPlatforms) = postSolution
		{ECDCC96D-5166-42FF-A078-C66493B8D168}.Debug|Any CPU.ActiveCfg = Debug|Any CPU
		{ECDCC96D-5166-42FF-A078-C66493B8D168}.Debug|Any CPU.Build.0 = Debug|Any CPU
		{ECDCC96D-5166-42FF-A078-C66493B8D168}.Release|Any CPU.ActiveCfg = Release|Any CPU
		{ECDCC96D-5166-42FF-A078-C66493B8D168}.Release|Any CPU.Build.0 = Release|Any CPU
	EndGlobalSection
	GlobalSection(SolutionProperties) = preSolution
		HideSolutionNode = FALSE
	EndGlobalSection
	GlobalSection(ExtensibilityGlobals) = postSolution
		SolutionGuid = {6F2C0A52-D528-4FF3-947E-3F76B3C4A0AB}
	EndGlobalSection
EndGlobal
